
Microsoft Visual Studio Solution File, Format Version 12.00
# Visual Studio Version 17
VisualStudioVersion = 17.3.32825.248
MinimumVisualStudioVersion = 10.0.40219.1
Project("{96C3EBA5-26A5-4D35-85AA-2FA2A8458737}") = "Harp.CurrentDriver", "Harp.CurrentDriver\Harp.CurrentDriver.csproj", "{F48FEBFC-9D4A-4834-896A-E4CADCBDC202}"
EndProject
Global
	GlobalSection(SolutionConfigurationPlatforms) = preSolution
		Debug|Any CPU = Debug|Any CPU
		Release|Any CPU = Release|Any CPU
	EndGlobalSection
	GlobalSection(ProjectConfigurationPlatforms) = postSolution
		{F48FEBFC-9D4A-4834-896A-E4CADCBDC202}.Debug|Any CPU.ActiveCfg = Debug|Any CPU
		{F48FEBFC-9D4A-4834-896A-E4CADCBDC202}.Debug|Any CPU.Build.0 = Debug|Any CPU
		{F48FEBFC-9D4A-4834-896A-E4CADCBDC202}.Release|Any CPU.ActiveCfg = Release|Any CPU
		{F48FEBFC-9D4A-4834-896A-E4CADCBDC202}.Release|Any CPU.Build.0 = Release|Any CPU
	EndGlobalSection
	GlobalSection(SolutionProperties) = preSolution
		HideSolutionNode = FALSE
	EndGlobalSection
	GlobalSection(ExtensibilityGlobals) = postSolution
		SolutionGuid = {88914ECE-AF12-483A-9EE7-EE466135B880}
	EndGlobalSection
EndGlobal
